
Microsoft Visual Studio Solution File, Format Version 12.00
# Visual Studio Version 16
VisualStudioVersion = 16.0.31321.278
MinimumVisualStudioVersion = 10.0.40219.1
Project("{FAE04EC0-301F-11D3-BF4B-00C04F79EFBC}") = "WebConsoumer", "WebConsoumer\WebConsoumer.csproj", "{42138D82-C58C-4345-B0D8-128507A3D3EE}"
EndProject
Global
	GlobalSection(SolutionConfigurationPlatforms) = preSolution
		Debug|Any CPU = Debug|Any CPU
		Release|Any CPU = Release|Any CPU
	EndGlobalSection
	GlobalSection(ProjectConfigurationPlatforms) = postSolution
		{42138D82-C58C-4345-B0D8-128507A3D3EE}.Debug|Any CPU.ActiveCfg = Debug|Any CPU
		{42138D82-C58C-4345-B0D8-128507A3D3EE}.Debug|Any CPU.Build.0 = Debug|Any CPU
		{42138D82-C58C-4345-B0D8-128507A3D3EE}.Release|Any CPU.ActiveCfg = Release|Any CPU
		{42138D82-C58C-4345-B0D8-128507A3D3EE}.Release|Any CPU.Build.0 = Release|Any CPU
	EndGlobalSection
	GlobalSection(SolutionProperties) = preSolution
		HideSolutionNode = FALSE
	EndGlobalSection
	GlobalSection(ExtensibilityGlobals) = postSolution
		SolutionGuid = {861B4F07-C566-45A9-948E-5C819D3D5681}
	EndGlobalSection
EndGlobal
