
Microsoft Visual Studio Solution File, Format Version 12.00
# Visual Studio Version 16
VisualStudioVersion = 16.0.31321.278
MinimumVisualStudioVersion = 10.0.40219.1
Project("{FAE04EC0-301F-11D3-BF4B-00C04F79EFBC}") = "TrainWebApi", "TrainWebApi\TrainWebApi.csproj", "{FC606D07-58A5-4B50-B027-428AC7E69599}"
EndProject
Global
	GlobalSection(SolutionConfigurationPlatforms) = preSolution
		Debug|Any CPU = Debug|Any CPU
		Release|Any CPU = Release|Any CPU
	EndGlobalSection
	GlobalSection(ProjectConfigurationPlatforms) = postSolution
		{FC606D07-58A5-4B50-B027-428AC7E69599}.Debug|Any CPU.ActiveCfg = Debug|Any CPU
		{FC606D07-58A5-4B50-B027-428AC7E69599}.Debug|Any CPU.Build.0 = Debug|Any CPU
		{FC606D07-58A5-4B50-B027-428AC7E69599}.Release|Any CPU.ActiveCfg = Release|Any CPU
		{FC606D07-58A5-4B50-B027-428AC7E69599}.Release|Any CPU.Build.0 = Release|Any CPU
	EndGlobalSection
	GlobalSection(SolutionProperties) = preSolution
		HideSolutionNode = FALSE
	EndGlobalSection
	GlobalSection(ExtensibilityGlobals) = postSolution
		SolutionGuid = {8F3FC74F-9499-4AB9-922C-0A79D6B25940}
	EndGlobalSection
EndGlobal
